{
  "name": "backend",
  "version": "1.0.0",
  "lockfileVersion": 3,
  "requires": true,
  "packages": {
    "": {
      "name": "backend",
      "version": "1.0.0",
      "license": "ISC",
      "dependencies": {
        "divyansh_npmmodule": "^1.0.1"
      },
      "devDependencies": {
        "dayjs": "^1.11.10"
      }
    },
    "node_modules/dayjs": {
      "version": "1.11.10",
      "resolved": "https://registry.npmjs.org/dayjs/-/dayjs-1.11.10.tgz",
      "integrity": "sha512-vjAczensTgRcqDERK0SR2XMwsF/tSvnvlv6VcF2GIhg6Sx4yOIt/irsr1RDJsKiIyBzJDpCoXiWWq28MqH2cnQ==",
      "dev": true
    },
    "node_modules/divyansh_npmmodule": {
      "version": "1.0.1",
      "resolved": "https://registry.npmjs.org/divyansh_npmmodule/-/divyansh_npmmodule-1.0.1.tgz",
      "integrity": "sha512-H9VjFt3kbQjUj5dWq/CoxHypNJI8vK/sSaM5y1HZEm35GNC79wfBUV5kU2XZNIehUZF+Cr+xpYsv6YIn1BurQQ=="
    }
  }
}
